
Microsoft Visual Studio Solution File, Format Version 12.00
# Visual Studio Version 17
VisualStudioVersion = 17.7.34003.232
MinimumVisualStudioVersion = 10.0.40219.1
Project("{9A19103F-16F7-4668-BE54-9A1E7A4F7556}") = "TestingApp", "TestingApp.csproj", "{FAFFB62B-E41A-45D1-AD29-D65D633CE13C}"
EndProject
Project("{FAE04EC0-301F-11D3-BF4B-00C04F79EFBC}") = "Common", "..\Common\Common.csproj", "{B18BE82E-8365-4E70-84EF-32956BD94571}"
EndProject
Project("{FAE04EC0-301F-11D3-BF4B-00C04F79EFBC}") = "BL", "..\BL\BL.csproj", "{FB743AB7-6215-4E3E-8D33-38D8154938B5}"
EndProject
Project("{FAE04EC0-301F-11D3-BF4B-00C04F79EFBC}") = "Database", "..\Database\Database.csproj", "{B790565B-8528-4157-ACFC-859305AFBE46}"
EndProject
Project("{FAE04EC0-301F-11D3-BF4B-00C04F79EFBC}") = "Settings", "..\Settings\Settings.csproj", "{02B7274F-F106-4D7D-B72F-DA9AD74D86D5}"
EndProject
Project("{FAE04EC0-301F-11D3-BF4B-00C04F79EFBC}") = "Resources", "..\Resources\Resources.csproj", "{2DDA493F-EC42-416A-B55F-DB6A1E800114}"
EndProject
Global
	GlobalSection(SolutionConfigurationPlatforms) = preSolution
		Debug|Any CPU = Debug|Any CPU
		Release|Any CPU = Release|Any CPU
	EndGlobalSection
	GlobalSection(ProjectConfigurationPlatforms) = postSolution
		{FAFFB62B-E41A-45D1-AD29-D65D633CE13C}.Debug|Any CPU.ActiveCfg = Debug|Any CPU
		{FAFFB62B-E41A-45D1-AD29-D65D633CE13C}.Debug|Any CPU.Build.0 = Debug|Any CPU
		{FAFFB62B-E41A-45D1-AD29-D65D633CE13C}.Release|Any CPU.ActiveCfg = Release|Any CPU
		{FAFFB62B-E41A-45D1-AD29-D65D633CE13C}.Release|Any CPU.Build.0 = Release|Any CPU
		{B18BE82E-8365-4E70-84EF-32956BD94571}.Debug|Any CPU.ActiveCfg = Debug|Any CPU
		{B18BE82E-8365-4E70-84EF-32956BD94571}.Debug|Any CPU.Build.0 = Debug|Any CPU
		{B18BE82E-8365-4E70-84EF-32956BD94571}.Release|Any CPU.ActiveCfg = Release|Any CPU
		{B18BE82E-8365-4E70-84EF-32956BD94571}.Release|Any CPU.Build.0 = Release|Any CPU
		{FB743AB7-6215-4E3E-8D33-38D8154938B5}.Debug|Any CPU.ActiveCfg = Debug|Any CPU
		{FB743AB7-6215-4E3E-8D33-38D8154938B5}.Debug|Any CPU.Build.0 = Debug|Any CPU
		{FB743AB7-6215-4E3E-8D33-38D8154938B5}.Release|Any CPU.ActiveCfg = Release|Any CPU
		{FB743AB7-6215-4E3E-8D33-38D8154938B5}.Release|Any CPU.Build.0 = Release|Any CPU
		{B790565B-8528-4157-ACFC-859305AFBE46}.Debug|Any CPU.ActiveCfg = Debug|Any CPU
		{B790565B-8528-4157-ACFC-859305AFBE46}.Debug|Any CPU.Build.0 = Debug|Any CPU
		{B790565B-8528-4157-ACFC-859305AFBE46}.Release|Any CPU.ActiveCfg = Release|Any CPU
		{B790565B-8528-4157-ACFC-859305AFBE46}.Release|Any CPU.Build.0 = Release|Any CPU
		{02B7274F-F106-4D7D-B72F-DA9AD74D86D5}.Debug|Any CPU.ActiveCfg = Debug|Any CPU
		{02B7274F-F106-4D7D-B72F-DA9AD74D86D5}.Debug|Any CPU.Build.0 = Debug|Any CPU
		{02B7274F-F106-4D7D-B72F-DA9AD74D86D5}.Release|Any CPU.ActiveCfg = Release|Any CPU
		{02B7274F-F106-4D7D-B72F-DA9AD74D86D5}.Release|Any CPU.Build.0 = Release|Any CPU
		{2DDA493F-EC42-416A-B55F-DB6A1E800114}.Debug|Any CPU.ActiveCfg = Debug|Any CPU
		{2DDA493F-EC42-416A-B55F-DB6A1E800114}.Debug|Any CPU.Build.0 = Debug|Any CPU
		{2DDA493F-EC42-416A-B55F-DB6A1E800114}.Release|Any CPU.ActiveCfg = Release|Any CPU
		{2DDA493F-EC42-416A-B55F-DB6A1E800114}.Release|Any CPU.Build.0 = Release|Any CPU
	EndGlobalSection
	GlobalSection(SolutionProperties) = preSolution
		HideSolutionNode = FALSE
	EndGlobalSection
	GlobalSection(ExtensibilityGlobals) = postSolution
		SolutionGuid = {945BA769-00A6-4B97-88A4-B9BD1FA312B5}
	EndGlobalSection
EndGlobal
